
Microsoft Visual Studio Solution File, Format Version 12.00
# Visual Studio Version 16
VisualStudioVersion = 16.0.32510.428
MinimumVisualStudioVersion = 10.0.40219.1
Project("{9A19103F-16F7-4668-BE54-9A1E7A4F7556}") = "ZwajApp.API", "ZwajApp.API.csproj", "{57426290-E15D-49A1-8849-511F7BAD1C22}"
EndProject
Global
	GlobalSection(SolutionConfigurationPlatforms) = preSolution
		Debug|Any CPU = Debug|Any CPU
		Release|Any CPU = Release|Any CPU
	EndGlobalSection
	GlobalSection(ProjectConfigurationPlatforms) = postSolution
		{57426290-E15D-49A1-8849-511F7BAD1C22}.Debug|Any CPU.ActiveCfg = Debug|Any CPU
		{57426290-E15D-49A1-8849-511F7BAD1C22}.Debug|Any CPU.Build.0 = Debug|Any CPU
		{57426290-E15D-49A1-8849-511F7BAD1C22}.Release|Any CPU.ActiveCfg = Release|Any CPU
		{57426290-E15D-49A1-8849-511F7BAD1C22}.Release|Any CPU.Build.0 = Release|Any CPU
	EndGlobalSection
	GlobalSection(SolutionProperties) = preSolution
		HideSolutionNode = FALSE
	EndGlobalSection
	GlobalSection(ExtensibilityGlobals) = postSolution
		SolutionGuid = {935519F3-F1BD-4EBF-B405-DBAABE5D404E}
	EndGlobalSection
EndGlobal
